
Microsoft Visual Studio Solution File, Format Version 12.00
# Visual Studio Version 17
VisualStudioVersion = 17.5.33530.505
MinimumVisualStudioVersion = 10.0.40219.1
Project("{9A19103F-16F7-4668-BE54-9A1E7A4F7556}") = "ShopOnline.Web", "ShopOnline.Web\ShopOnline.Web.csproj", "{ECDE950F-3EC0-4835-9B77-2138B91946DB}"
EndProject
Project("{9A19103F-16F7-4668-BE54-9A1E7A4F7556}") = "ShopOnline.Api", "ShopOnline.Api\ShopOnline.Api.csproj", "{FC63D17E-523E-48CA-8DE0-87B36993C260}"
EndProject
Project("{9A19103F-16F7-4668-BE54-9A1E7A4F7556}") = "ShopOnline.Models", "ShopOnline.Models\ShopOnline.Models.csproj", "{4A4BBB33-606D-4384-9082-2D1C2802CD64}"
EndProject
Global
	GlobalSection(SolutionConfigurationPlatforms) = preSolution
		Debug|Any CPU = Debug|Any CPU
		Release|Any CPU = Release|Any CPU
	EndGlobalSection
	GlobalSection(ProjectConfigurationPlatforms) = postSolution
		{ECDE950F-3EC0-4835-9B77-2138B91946DB}.Debug|Any CPU.ActiveCfg = Debug|Any CPU
		{ECDE950F-3EC0-4835-9B77-2138B91946DB}.Debug|Any CPU.Build.0 = Debug|Any CPU
		{ECDE950F-3EC0-4835-9B77-2138B91946DB}.Release|Any CPU.ActiveCfg = Release|Any CPU
		{ECDE950F-3EC0-4835-9B77-2138B91946DB}.Release|Any CPU.Build.0 = Release|Any CPU
		{FC63D17E-523E-48CA-8DE0-87B36993C260}.Debug|Any CPU.ActiveCfg = Debug|Any CPU
		{FC63D17E-523E-48CA-8DE0-87B36993C260}.Debug|Any CPU.Build.0 = Debug|Any CPU
		{FC63D17E-523E-48CA-8DE0-87B36993C260}.Release|Any CPU.ActiveCfg = Release|Any CPU
		{FC63D17E-523E-48CA-8DE0-87B36993C260}.Release|Any CPU.Build.0 = Release|Any CPU
		{4A4BBB33-606D-4384-9082-2D1C2802CD64}.Debug|Any CPU.ActiveCfg = Debug|Any CPU
		{4A4BBB33-606D-4384-9082-2D1C2802CD64}.Debug|Any CPU.Build.0 = Debug|Any CPU
		{4A4BBB33-606D-4384-9082-2D1C2802CD64}.Release|Any CPU.ActiveCfg = Release|Any CPU
		{4A4BBB33-606D-4384-9082-2D1C2802CD64}.Release|Any CPU.Build.0 = Release|Any CPU
	EndGlobalSection
	GlobalSection(SolutionProperties) = preSolution
		HideSolutionNode = FALSE
	EndGlobalSection
	GlobalSection(ExtensibilityGlobals) = postSolution
		SolutionGuid = {20E5169D-09A2-4812-A8F7-33490DBA7300}
	EndGlobalSection
EndGlobal
